// !$*UTF8*$!
{
	archiveVersion = 1;
	classes = {
	};
	objectVersion = 56;
	objects = {

/* Begin PBXBuildFile section */
		7B6361D42B923D1B000ACEAD /* To_Do_AppApp.swift in Sources */ = {isa = PBXBuildFile; fileRef = 7B6361D32B923D1B000ACEAD /* To_Do_AppApp.swift */; };
		7B6361D62B923D1B000ACEAD /* ContentView.swift in Sources */ = {isa = PBXBuildFile; fileRef = 7B6361D52B923D1B000ACEAD /* ContentView.swift */; };
		7B6361D82B923D1C000ACEAD /* Assets.xcassets in Resources */ = {isa = PBXBuildFile; fileRef = 7B6361D72B923D1C000ACEAD /* Assets.xcassets */; };
		7B6361DB2B923D1C000ACEAD /* Preview Assets.xcassets in Resources */ = {isa = PBXBuildFile; fileRef = 7B6361DA2B923D1C000ACEAD /* Preview Assets.xcassets */; };
		7B6361E52B923D1D000ACEAD /* To_Do_AppTests.swift in Sources */ = {isa = PBXBuildFile; fileRef = 7B6361E42B923D1D000ACEAD /* To_Do_AppTests.swift */; };
		7B6361EF2B923D1D000ACEAD /* To_Do_AppUITests.swift in Sources */ = {isa = PBXBuildFile; fileRef = 7B6361EE2B923D1D000ACEAD /* To_Do_AppUITests.swift */; };
		7B6361F12B923D1D000ACEAD /* To_Do_AppUITestsLaunchTests.swift in Sources */ = {isa = PBXBuildFile; fileRef = 7B6361F02B923D1D000ACEAD /* To_Do_AppUITestsLaunchTests.swift */; };
/* End PBXBuildFile section */

/* Begin PBXContainerItemProxy section */
		7B6361E12B923D1D000ACEAD /* PBXContainerItemProxy */ = {
			isa = PBXContainerItemProxy;
			containerPortal = 7B6361C82B923D1B000ACEAD /* Project object */;
			proxyType = 1;
			remoteGlobalIDString = 7B6361CF2B923D1B000ACEAD;
			remoteInfo = "To-Do_App";
		};
		7B6361EB2B923D1D000ACEAD /* PBXContainerItemProxy */ = {
			isa = PBXContainerItemProxy;
			containerPortal = 7B6361C82B923D1B000ACEAD /* Project object */;
			proxyType = 1;
			remoteGlobalIDString = 7B6361CF2B923D1B000ACEAD;
			remoteInfo = "To-Do_App";
		};
/* End PBXContainerItemProxy section */

/* Begin PBXFileReference section */
		7B6361D02B923D1B000ACEAD /* To-Do_App.app */ = {isa = PBXFileReference; explicitFileType = wrapper.application; includeInIndex = 0; path = "To-Do_App.app"; sourceTree = BUILT_PRODUCTS_DIR; };
		7B6361D32B923D1B000ACEAD /* To_Do_AppApp.swift */ = {isa = PBXFileReference; lastKnownFileType = sourcecode.swift; path = To_Do_AppApp.swift; sourceTree = "<group>"; };
		7B6361D52B923D1B000ACEAD /* ContentView.swift */ = {isa = PBXFileReference; lastKnownFileType = sourcecode.swift; path = ContentView.swift; sourceTree = "<group>"; };
		7B6361D72B923D1C000ACEAD /* Assets.xcassets */ = {isa = PBXFileReference; lastKnownFileType = folder.assetcatalog; path = Assets.xcassets; sourceTree = "<group>"; };
		7B6361DA2B923D1C000ACEAD /* Preview Assets.xcassets */ = {isa = PBXFileReference; lastKnownFileType = folder.assetcatalog; path = "Preview Assets.xcassets"; sourceTree = "<group>"; };
		7B6361E02B923D1D000ACEAD /* To-Do_AppTests.xctest */ = {isa = PBXFileReference; explicitFileType = wrapper.cfbundle; includeInIndex = 0; path = "To-Do_AppTests.xctest"; sourceTree = BUILT_PRODUCTS_DIR; };
		7B6361E42B923D1D000ACEAD /* To_Do_AppTests.swift */ = {isa = PBXFileReference; lastKnownFileType = sourcecode.swift; path = To_Do_AppTests.swift; sourceTree = "<group>"; };
		7B6361EA2B923D1D000ACEAD /* To-Do_AppUITests.xctest */ = {isa = PBXFileReference; explicitFileType = wrapper.cfbundle; includeInIndex = 0; path = "To-Do_AppUITests.xctest"; sourceTree = BUILT_PRODUCTS_DIR; };
		7B6361EE2B923D1D000ACEAD /* To_Do_AppUITests.swift */ = {isa = PBXFileReference; lastKnownFileType = sourcecode.swift; path = To_Do_AppUITests.swift; sourceTree = "<group>"; };
		7B6361F02B923D1D000ACEAD /* To_Do_AppUITestsLaunchTests.swift */ = {isa = PBXFileReference; lastKnownFileType = sourcecode.swift; path = To_Do_AppUITestsLaunchTests.swift; sourceTree = "<group>"; };
/* End PBXFileReference section */

/* Begin PBXFrameworksBuildPhase section */
		7B6361CD2B923D1B000ACEAD /* Frameworks */ = {
			isa = PBXFrameworksBuildPhase;
			buildActionMask = 2147483647;
			files = (
			);
			runOnlyForDeploymentPostprocessing = 0;
		};
		7B6361DD2B923D1D000ACEAD /* Frameworks */ = {
			isa = PBXFrameworksBuildPhase;
			buildActionMask = 2147483647;
			files = (
			);
			runOnlyForDeploymentPostprocessing = 0;
		};
		7B6361E72B923D1D000ACEAD /* Frameworks */ = {
			isa = PBXFrameworksBuildPhase;
			buildActionMask = 2147483647;
			files = (
			);
			runOnlyForDeploymentPostprocessing = 0;
		};
/* End PBXFrameworksBuildPhase section */

/* Begin PBXGroup section */
		7B6361C72B923D1B000ACEAD = {
			isa = PBXGroup;
			children = (
				7B6361D22B923D1B000ACEAD /* To-Do_App */,
				7B6361E32B923D1D000ACEAD /* To-Do_AppTests */,
				7B6361ED2B923D1D000ACEAD /* To-Do_AppUITests */,
				7B6361D12B923D1B000ACEAD /* Products */,
			);
			sourceTree = "<group>";
		};
		7B6361D12B923D1B000ACEAD /* Products */ = {
			isa = PBXGroup;
			children = (
				7B6361D02B923D1B000ACEAD /* To-Do_App.app */,
				7B6361E02B923D1D000ACEAD /* To-Do_AppTests.xctest */,
				7B6361EA2B923D1D000ACEAD /* To-Do_AppUITests.xctest */,
			);
			name = Products;
			sourceTree = "<group>";
		};
		7B6361D22B923D1B000ACEAD /* To-Do_App */ = {
			isa = PBXGroup;
			children = (
				7B6361D32B923D1B000ACEAD /* To_Do_AppApp.swift */,
				7B6361D52B923D1B000ACEAD /* ContentView.swift */,
				7B6361D72B923D1C000ACEAD /* Assets.xcassets */,
				7B6361D92B923D1C000ACEAD /* Preview Content */,
			);
			path = "To-Do_App";
			sourceTree = "<group>";
		};
		7B6361D92B923D1C000ACEAD /* Preview Content */ = {
			isa = PBXGroup;
			children = (
				7B6361DA2B923D1C000ACEAD /* Preview Assets.xcassets */,
			);
			path = "Preview Content";
			sourceTree = "<group>";
		};
		7B6361E32B923D1D000ACEAD /* To-Do_AppTests */ = {
			isa = PBXGroup;
			children = (
				7B6361E42B923D1D000ACEAD /* To_Do_AppTests.swift */,
			);
			path = "To-Do_AppTests";
			sourceTree = "<group>";
		};
		7B6361ED2B923D1D000ACEAD /* To-Do_AppUITests */ = {
			isa = PBXGroup;
			children = (
				7B6361EE2B923D1D000ACEAD /* To_Do_AppUITests.swift */,
				7B6361F02B923D1D000ACEAD /* To_Do_AppUITestsLaunchTests.swift */,
			);
			path = "To-Do_AppUITests";
			sourceTree = "<group>";
		};
/* End PBXGroup section */

/* Begin PBXNativeTarget section */
		7B6361CF2B923D1B000ACEAD /* To-Do_App */ = {
			isa = PBXNativeTarget;
			buildConfigurationList = 7B6361F42B923D1D000ACEAD /* Build configuration list for PBXNativeTarget "To-Do_App" */;
			buildPhases = (
				7B6361CC2B923D1B000ACEAD /* Sources */,
				7B6361CD2B923D1B000ACEAD /* Frameworks */,
				7B6361CE2B923D1B000ACEAD /* Resources */,
			);
			buildRules = (
			);
			dependencies = (
			);
			name = "To-Do_App";
			productName = "To-Do_App";
			productReference = 7B6361D02B923D1B000ACEAD /* To-Do_App.app */;
			productType = "com.apple.product-type.application";
		};
		7B6361DF2B923D1D000ACEAD /* To-Do_AppTests */ = {
			isa = PBXNativeTarget;
			buildConfigurationList = 7B6361F72B923D1D000ACEAD /* Build configuration list for PBXNativeTarget "To-Do_AppTests" */;
			buildPhases = (
				7B6361DC2B923D1D000ACEAD /* Sources */,
				7B6361DD2B923D1D000ACEAD /* Frameworks */,
				7B6361DE2B923D1D000ACEAD /* Resources */,
			);
			buildRules = (
			);
			dependencies = (
				7B6361E22B923D1D000ACEAD /* PBXTargetDependency */,
			);
			name = "To-Do_AppTests";
			productName = "To-Do_AppTests";
			productReference = 7B6361E02B923D1D000ACEAD /* To-Do_AppTests.xctest */;
			productType = "com.apple.product-type.bundle.unit-test";
		};
		7B6361E92B923D1D000ACEAD /* To-Do_AppUITests */ = {
			isa = PBXNativeTarget;
			buildConfigurationList = 7B6361FA2B923D1D000ACEAD /* Build configuration list for PBXNativeTarget "To-Do_AppUITests" */;
			buildPhases = (
				7B6361E62B923D1D000ACEAD /* Sources */,
				7B6361E72B923D1D000ACEAD /* Frameworks */,
				7B6361E82B923D1D000ACEAD /* Resources */,
			);
			buildRules = (
			);
			dependencies = (
				7B6361EC2B923D1D000ACEAD /* PBXTargetDependency */,
			);
			name = "To-Do_AppUITests";
			productName = "To-Do_AppUITests";
			productReference = 7B6361EA2B923D1D000ACEAD /* To-Do_AppUITests.xctest */;
			productType = "com.apple.product-type.bundle.ui-testing";
		};
/* End PBXNativeTarget section */

/* Begin PBXProject section */
		7B6361C82B923D1B000ACEAD /* Project object */ = {
			isa = PBXProject;
			attributes = {
				BuildIndependentTargetsInParallel = 1;
				LastSwiftUpdateCheck = 1520;
				LastUpgradeCheck = 1520;
				TargetAttributes = {
					7B6361CF2B923D1B000ACEAD = {
						CreatedOnToolsVersion = 15.2;
					};
					7B6361DF2B923D1D000ACEAD = {
						CreatedOnToolsVersion = 15.2;
						TestTargetID = 7B6361CF2B923D1B000ACEAD;
					};
					7B6361E92B923D1D000ACEAD = {
						CreatedOnToolsVersion = 15.2;
						TestTargetID = 7B6361CF2B923D1B000ACEAD;
					};
				};
			};
			buildConfigurationList = 7B6361CB2B923D1B000ACEAD /* Build configuration list for PBXProject "To-Do_App" */;
			compatibilityVersion = "Xcode 14.0";
			developmentRegion = en;
			hasScannedForEncodings = 0;
			knownRegions = (
				en,
				Base,
			);
			mainGroup = 7B6361C72B923D1B000ACEAD;
			productRefGroup = 7B6361D12B923D1B000ACEAD /* Products */;
			projectDirPath = "";
			projectRoot = "";
			targets = (
				7B6361CF2B923D1B000ACEAD /* To-Do_App */,
				7B6361DF2B923D1D000ACEAD /* To-Do_AppTests */,
				7B6361E92B923D1D000ACEAD /* To-Do_AppUITests */,
			);
		};
/* End PBXProject section */

/* Begin PBXResourcesBuildPhase section */
		7B6361CE2B923D1B000ACEAD /* Resources */ = {
			isa = PBXResourcesBuildPhase;
			buildActionMask = 2147483647;
			files = (
				7B6361DB2B923D1C000ACEAD /* Preview Assets.xcassets in Resources */,
				7B6361D82B923D1C000ACEAD /* Assets.xcassets in Resources */,
			);
			runOnlyForDeploymentPostprocessing = 0;
		};
		7B6361DE2B923D1D000ACEAD /* Resources */ = {
			isa = PBXResourcesBuildPhase;
			buildActionMask = 2147483647;
			files = (
			);
			runOnlyForDeploymentPostprocessing = 0;
		};
		7B6361E82B923D1D000ACEAD /* Resources */ = {
			isa = PBXResourcesBuildPhase;
			buildActionMask = 2147483647;
			files = (
			);
			runOnlyForDeploymentPostprocessing = 0;
		};
/* End PBXResourcesBuildPhase section */

/* Begin PBXSourcesBuildPhase section */
		7B6361CC2B923D1B000ACEAD /* Sources */ = {
			isa = PBXSourcesBuildPhase;
			buildActionMask = 2147483647;
			files = (
				7B6361D62B923D1B000ACEAD /* ContentView.swift in Sources */,
				7B6361D42B923D1B000ACEAD /* To_Do_AppApp.swift in Sources */,
			);
			runOnlyForDeploymentPostprocessing = 0;
		};
		7B6361DC2B923D1D000ACEAD /* Sources */ = {
			isa = PBXSourcesBuildPhase;
			buildActionMask = 2147483647;
			files = (
				7B6361E52B923D1D000ACEAD /* To_Do_AppTests.swift in Sources */,
			);
			runOnlyForDeploymentPostprocessing = 0;
		};
		7B6361E62B923D1D000ACEAD /* Sources */ = {
			isa = PBXSourcesBuildPhase;
			buildActionMask = 2147483647;
			files = (
				7B6361F12B923D1D000ACEAD /* To_Do_AppUITestsLaunchTests.swift in Sources */,
				7B6361EF2B923D1D000ACEAD /* To_Do_AppUITests.swift in Sources */,
			);
			runOnlyForDeploymentPostprocessing = 0;
		};
/* End PBXSourcesBuildPhase section */

/* Begin PBXTargetDependency section */
		7B6361E22B923D1D000ACEAD /* PBXTargetDependency */ = {
			isa = PBXTargetDependency;
			target = 7B6361CF2B923D1B000ACEAD /* To-Do_App */;
			targetProxy = 7B6361E12B923D1D000ACEAD /* PBXContainerItemProxy */;
		};
		7B6361EC2B923D1D000ACEAD /* PBXTargetDependency */ = {
			isa = PBXTargetDependency;
			target = 7B6361CF2B923D1B000ACEAD /* To-Do_App */;
			targetProxy = 7B6361EB2B923D1D000ACEAD /* PBXContainerItemProxy */;
		};
/* End PBXTargetDependency section */

/* Begin XCBuildConfiguration section */
		7B6361F22B923D1D000ACEAD /* Debug */ = {
			isa = XCBuildConfiguration;
			buildSettings = {
				ALWAYS_SEARCH_USER_PATHS = NO;
				ASSETCATALOG_COMPILER_GENERATE_SWIFT_ASSET_SYMBOL_EXTENSIONS = YES;
				CLANG_ANALYZER_NONNULL = YES;
				CLANG_ANALYZER_NUMBER_OBJECT_CONVERSION = YES_AGGRESSIVE;
				CLANG_CXX_LANGUAGE_STANDARD = "gnu++20";
				CLANG_ENABLE_MODULES = YES;
				CLANG_ENABLE_OBJC_ARC = YES;
				CLANG_ENABLE_OBJC_WEAK = YES;
				CLANG_WARN_BLOCK_CAPTURE_AUTORELEASING = YES;
				CLANG_WARN_BOOL_CONVERSION = YES;
				CLANG_WARN_COMMA = YES;
				CLANG_WARN_CONSTANT_CONVERSION = YES;
				CLANG_WARN_DEPRECATED_OBJC_IMPLEMENTATIONS = YES;
				CLANG_WARN_DIRECT_OBJC_ISA_USAGE = YES_ERROR;
				CLANG_WARN_DOCUMENTATION_COMMENTS = YES;
				CLANG_WARN_EMPTY_BODY = YES;
				CLANG_WARN_ENUM_CONVERSION = YES;
				CLANG_WARN_INFINITE_RECURSION = YES;
				CLANG_WARN_INT_CONVERSION = YES;
				CLANG_WARN_NON_LITERAL_NULL_CONVERSION = YES;
				CLANG_WARN_OBJC_IMPLICIT_RETAIN_SELF = YES;
				CLANG_WARN_OBJC_LITERAL_CONVERSION = YES;
				CLANG_WARN_OBJC_ROOT_CLASS = YES_ERROR;
				CLANG_WARN_QUOTED_INCLUDE_IN_FRAMEWORK_HEADER = YES;
				CLANG_WARN_RANGE_LOOP_ANALYSIS = YES;
				CLANG_WARN_STRICT_PROTOTYPES = YES;
				CLANG_WARN_SUSPICIOUS_MOVE = YES;
				CLANG_WARN_UNGUARDED_AVAILABILITY = YES_AGGRESSIVE;
				CLANG_WARN_UNREACHABLE_CODE = YES;
				CLANG_WARN__DUPLICATE_METHOD_MATCH = YES;
				COPY_PHASE_STRIP = NO;
				DEBUG_INFORMATION_FORMAT = dwarf;
				ENABLE_STRICT_OBJC_MSGSEND = YES;
				ENABLE_TESTABILITY = YES;
				ENABLE_USER_SCRIPT_SANDBOXING = YES;
				GCC_C_LANGUAGE_STANDARD = gnu17;
				GCC_DYNAMIC_NO_PIC = NO;
				GCC_NO_COMMON_BLOCKS = YES;
				GCC_OPTIMIZATION_LEVEL = 0;
				GCC_PREPROCESSOR_DEFINITIONS = (
					"DEBUG=1",
					"$(inherited)",
				);
				GCC_WARN_64_TO_32_BIT_CONVERSION = YES;
				GCC_WARN_ABOUT_RETURN_TYPE = YES_ERROR;
				GCC_WARN_UNDECLARED_SELECTOR = YES;
				GCC_WARN_UNINITIALIZED_AUTOS = YES_AGGRESSIVE;
				GCC_WARN_UNUSED_FUNCTION = YES;
				GCC_WARN_UNUSED_VARIABLE = YES;
				IPHONEOS_DEPLOYMENT_TARGET = 17.2;
				LOCALIZATION_PREFERS_STRING_CATALOGS = YES;
				MTL_ENABLE_DEBUG_INFO = INCLUDE_SOURCE;
				MTL_FAST_MATH = YES;
				ONLY_ACTIVE_ARCH = YES;
				SDKROOT = iphoneos;
				SWIFT_ACTIVE_COMPILATION_CONDITIONS = "DEBUG $(inherited)";
				SWIFT_OPTIMIZATION_LEVEL = "-Onone";
			};
			name = Debug;
		};
		7B6361F32B923D1D000ACEAD /* Release */ = {
			isa = XCBuildConfiguration;
			buildSettings = {
				ALWAYS_SEARCH_USER_PATHS = NO;
				ASSETCATALOG_COMPILER_GENERATE_SWIFT_ASSET_SYMBOL_EXTENSIONS = YES;
				CLANG_ANALYZER_NONNULL = YES;
				CLANG_ANALYZER_NUMBER_OBJECT_CONVERSION = YES_AGGRESSIVE;
				CLANG_CXX_LANGUAGE_STANDARD = "gnu++20";
				CLANG_ENABLE_MODULES = YES;
				CLANG_ENABLE_OBJC_ARC = YES;
				CLANG_ENABLE_OBJC_WEAK = YES;
				CLANG_WARN_BLOCK_CAPTURE_AUTORELEASING = YES;
				CLANG_WARN_BOOL_CONVERSION = YES;
				CLANG_WARN_COMMA = YES;
				CLANG_WARN_CONSTANT_CONVERSION = YES;
				CLANG_WARN_DEPRECATED_OBJC_IMPLEMENTATIONS = YES;
				CLANG_WARN_DIRECT_OBJC_ISA_USAGE = YES_ERROR;
				CLANG_WARN_DOCUMENTATION_COMMENTS = YES;
				CLANG_WARN_EMPTY_BODY = YES;
				CLANG_WARN_ENUM_CONVERSION = YES;
				CLANG_WARN_INFINITE_RECURSION = YES;
				CLANG_WARN_INT_CONVERSION = YES;
				CLANG_WARN_NON_LITERAL_NULL_CONVERSION = YES;
				CLANG_WARN_OBJC_IMPLICIT_RETAIN_SELF = YES;
				CLANG_WARN_OBJC_LITERAL_CONVERSION = YES;
				CLANG_WARN_OBJC_ROOT_CLASS = YES_ERROR;
				CLANG_WARN_QUOTED_INCLUDE_IN_FRAMEWORK_HEADER = YES;
				CLANG_WARN_RANGE_LOOP_ANALYSIS = YES;
				CLANG_WARN_STRICT_PROTOTYPES = YES;
				CLANG_WARN_SUSPICIOUS_MOVE = YES;
				CLANG_WARN_UNGUARDED_AVAILABILITY = YES_AGGRESSIVE;
				CLANG_WARN_UNREACHABLE_CODE = YES;
				CLANG_WARN__DUPLICATE_METHOD_MATCH = YES;
				COPY_PHASE_STRIP = NO;
				DEBUG_INFORMATION_FORMAT = "dwarf-with-dsym";
				ENABLE_NS_ASSERTIONS = NO;
				ENABLE_STRICT_OBJC_MSGSEND = YES;
				ENABLE_USER_SCRIPT_SANDBOXING = YES;
				GCC_C_LANGUAGE_STANDARD = gnu17;
				GCC_NO_COMMON_BLOCKS = YES;
				GCC_WARN_64_TO_32_BIT_CONVERSION = YES;
				GCC_WARN_ABOUT_RETURN_TYPE = YES_ERROR;
				GCC_WARN_UNDECLARED_SELECTOR = YES;
				GCC_WARN_UNINITIALIZED_AUTOS = YES_AGGRESSIVE;
				GCC_WARN_UNUSED_FUNCTION = YES;
				GCC_WARN_UNUSED_VARIABLE = YES;
				IPHONEOS_DEPLOYMENT_TARGET = 17.2;
				LOCALIZATION_PREFERS_STRING_CATALOGS = YES;
				MTL_ENABLE_DEBUG_INFO = NO;
				MTL_FAST_MATH = YES;
				SDKROOT = iphoneos;
				SWIFT_COMPILATION_MODE = wholemodule;
				VALIDATE_PRODUCT = YES;
			};
			name = Release;
		};
		7B6361F52B923D1D000ACEAD /* Debug */ = {
			isa = XCBuildConfiguration;
			buildSettings = {
				ASSETCATALOG_COMPILER_APPICON_NAME = AppIcon;
				ASSETCATALOG_COMPILER_GLOBAL_ACCENT_COLOR_NAME = AccentColor;
				CODE_SIGN_STYLE = Automatic;
				CURRENT_PROJECT_VERSION = 1;
				DEVELOPMENT_ASSET_PATHS = "\"To-Do_App/Preview Content\"";
				ENABLE_PREVIEWS = YES;
				GENERATE_INFOPLIST_FILE = YES;
				INFOPLIST_KEY_UIApplicationSceneManifest_Generation = YES;
				INFOPLIST_KEY_UIApplicationSupportsIndirectInputEvents = YES;
				INFOPLIST_KEY_UILaunchScreen_Generation = YES;
				INFOPLIST_KEY_UISupportedInterfaceOrientations_iPad = "UIInterfaceOrientationPortrait UIInterfaceOrientationPortraitUpsideDown UIInterfaceOrientationLandscapeLeft UIInterfaceOrientationLandscapeRight";
				INFOPLIST_KEY_UISupportedInterfaceOrientations_iPhone = "UIInterfaceOrientationPortrait UIInterfaceOrientationLandscapeLeft UIInterfaceOrientationLandscapeRight";
				LD_RUNPATH_SEARCH_PATHS = (
					"$(inherited)",
					"@executable_path/Frameworks",
				);
				MARKETING_VERSION = 1.0;
				PRODUCT_BUNDLE_IDENTIFIER = "Angela.To-Do-App";
				PRODUCT_NAME = "$(TARGET_NAME)";
				SWIFT_EMIT_LOC_STRINGS = YES;
				SWIFT_VERSION = 5.0;
				TARGETED_DEVICE_FAMILY = "1,2";
			};
			name = Debug;
		};
		7B6361F62B923D1D000ACEAD /* Release */ = {
			isa = XCBuildConfiguration;
			buildSettings = {
				ASSETCATALOG_COMPILER_APPICON_NAME = AppIcon;
				ASSETCATALOG_COMPILER_GLOBAL_ACCENT_COLOR_NAME = AccentColor;
				CODE_SIGN_STYLE = Automatic;
				CURRENT_PROJECT_VERSION = 1;
				DEVELOPMENT_ASSET_PATHS = "\"To-Do_App/Preview Content\"";
				ENABLE_PREVIEWS = YES;
				GENERATE_INFOPLIST_FILE = YES;
				INFOPLIST_KEY_UIApplicationSceneManifest_Generation = YES;
				INFOPLIST_KEY_UIApplicationSupportsIndirectInputEvents = YES;
				INFOPLIST_KEY_UILaunchScreen_Generation = YES;
				INFOPLIST_KEY_UISupportedInterfaceOrientations_iPad = "UIInterfaceOrientationPortrait UIInterfaceOrientationPortraitUpsideDown UIInterfaceOrientationLandscapeLeft UIInterfaceOrientationLandscapeRight";
				INFOPLIST_KEY_UISupportedInterfaceOrientations_iPhone = "UIInterfaceOrientationPortrait UIInterfaceOrientationLandscapeLeft UIInterfaceOrientationLandscapeRight";
				LD_RUNPATH_SEARCH_PATHS = (
					"$(inherited)",
					"@executable_path/Frameworks",
				);
				MARKETING_VERSION = 1.0;
				PRODUCT_BUNDLE_IDENTIFIER = "Angela.To-Do-App";
				PRODUCT_NAME = "$(TARGET_NAME)";
				SWIFT_EMIT_LOC_STRINGS = YES;
				SWIFT_VERSION = 5.0;
				TARGETED_DEVICE_FAMILY = "1,2";
			};
			name = Release;
		};
		7B6361F82B923D1D000ACEAD /* Debug */ = {
			isa = XCBuildConfiguration;
			buildSettings = {
				ALWAYS_EMBED_SWIFT_STANDARD_LIBRARIES = YES;
				BUNDLE_LOADER = "$(TEST_HOST)";
				CODE_SIGN_STYLE = Automatic;
				CURRENT_PROJECT_VERSION = 1;
				GENERATE_INFOPLIST_FILE = YES;
				IPHONEOS_DEPLOYMENT_TARGET = 17.2;
				MARKETING_VERSION = 1.0;
				PRODUCT_BUNDLE_IDENTIFIER = "Angela.To-Do-AppTests";
				PRODUCT_NAME = "$(TARGET_NAME)";
				SWIFT_EMIT_LOC_STRINGS = NO;
				SWIFT_VERSION = 5.0;
				TARGETED_DEVICE_FAMILY = "1,2";
				TEST_HOST = "$(BUILT_PRODUCTS_DIR)/To-Do_App.app/$(BUNDLE_EXECUTABLE_FOLDER_PATH)/To-Do_App";
			};
			name = Debug;
		};
		7B6361F92B923D1D000ACEAD /* Release */ = {
			isa = XCBuildConfiguration;
			buildSettings = {
				ALWAYS_EMBED_SWIFT_STANDARD_LIBRARIES = YES;
				BUNDLE_LOADER = "$(TEST_HOST)";
				CODE_SIGN_STYLE = Automatic;
				CURRENT_PROJECT_VERSION = 1;
				GENERATE_INFOPLIST_FILE = YES;
				IPHONEOS_DEPLOYMENT_TARGET = 17.2;
				MARKETING_VERSION = 1.0;
				PRODUCT_BUNDLE_IDENTIFIER = "Angela.To-Do-AppTests";
				PRODUCT_NAME = "$(TARGET_NAME)";
				SWIFT_EMIT_LOC_STRINGS = NO;
				SWIFT_VERSION = 5.0;
				TARGETED_DEVICE_FAMILY = "1,2";
				TEST_HOST = "$(BUILT_PRODUCTS_DIR)/To-Do_App.app/$(BUNDLE_EXECUTABLE_FOLDER_PATH)/To-Do_App";
			};
			name = Release;
		};
		7B6361FB2B923D1D000ACEAD /* Debug */ = {
			isa = XCBuildConfiguration;
			buildSettings = {
				ALWAYS_EMBED_SWIFT_STANDARD_LIBRARIES = YES;
				CODE_SIGN_STYLE = Automatic;
				CURRENT_PROJECT_VERSION = 1;
				GENERATE_INFOPLIST_FILE = YES;
				MARKETING_VERSION = 1.0;
				PRODUCT_BUNDLE_IDENTIFIER = "Angela.To-Do-AppUITests";
				PRODUCT_NAME = "$(TARGET_NAME)";
				SWIFT_EMIT_LOC_STRINGS = NO;
				SWIFT_VERSION = 5.0;
				TARGETED_DEVICE_FAMILY = "1,2";
				TEST_TARGET_NAME = "To-Do_App";
			};
			name = Debug;
		};
		7B6361FC2B923D1D000ACEAD /* Release */ = {
			isa = XCBuildConfiguration;
			buildSettings = {
				ALWAYS_EMBED_SWIFT_STANDARD_LIBRARIES = YES;
				CODE_SIGN_STYLE = Automatic;
				CURRENT_PROJECT_VERSION = 1;
				GENERATE_INFOPLIST_FILE = YES;
				MARKETING_VERSION = 1.0;
				PRODUCT_BUNDLE_IDENTIFIER = "Angela.To-Do-AppUITests";
				PRODUCT_NAME = "$(TARGET_NAME)";
				SWIFT_EMIT_LOC_STRINGS = NO;
				SWIFT_VERSION = 5.0;
				TARGETED_DEVICE_FAMILY = "1,2";
				TEST_TARGET_NAME = "To-Do_App";
			};
			name = Release;
		};
/* End XCBuildConfiguration section */

/* Begin XCConfigurationList section */
		7B6361CB2B923D1B000ACEAD /* Build configuration list for PBXProject "To-Do_App" */ = {
			isa = XCConfigurationList;
			buildConfigurations = (
				7B6361F22B923D1D000ACEAD /* Debug */,
				7B6361F32B923D1D000ACEAD /* Release */,
			);
			defaultConfigurationIsVisible = 0;
			defaultConfigurationName = Release;
		};
		7B6361F42B923D1D000ACEAD /* Build configuration list for PBXNativeTarget "To-Do_App" */ = {
			isa = XCConfigurationList;
			buildConfigurations = (
				7B6361F52B923D1D000ACEAD /* Debug */,
				7B6361F62B923D1D000ACEAD /* Release */,
			);
			defaultConfigurationIsVisible = 0;
			defaultConfigurationName = Release;
		};
		7B6361F72B923D1D000ACEAD /* Build configuration list for PBXNativeTarget "To-Do_AppTests" */ = {
			isa = XCConfigurationList;
			buildConfigurations = (
				7B6361F82B923D1D000ACEAD /* Debug */,
				7B6361F92B923D1D000ACEAD /* Release */,
			);
			defaultConfigurationIsVisible = 0;
			defaultConfigurationName = Release;
		};
		7B6361FA2B923D1D000ACEAD /* Build configuration list for PBXNativeTarget "To-Do_AppUITests" */ = {
			isa = XCConfigurationList;
			buildConfigurations = (
				7B6361FB2B923D1D000ACEAD /* Debug */,
				7B6361FC2B923D1D000ACEAD /* Release */,
			);
			defaultConfigurationIsVisible = 0;
			defaultConfigurationName = Release;
		};
/* End XCConfigurationList section */
	};
	rootObject = 7B6361C82B923D1B000ACEAD /* Project object */;
}
